// !$*UTF8*$!
{
	archiveVersion = 1;
	classes = {
	};
	objectVersion = 51;
	objects = {

/* Begin PBXBuildFile section */
		1AECD4FB834D27BC6EA92EB7 /* Pods_StrelitziaTests.framework in Frameworks */ = {isa = PBXBuildFile; fileRef = 96988137C46E960CFD6C583E /* Pods_StrelitziaTests.framework */; };
		79943E94DF4F701D2729E0C3 /* Pods_Strelitzia_StrelitziaUITests.framework in Frameworks */ = {isa = PBXBuildFile; fileRef = BB9A2D1E394E42451FEDEADC /* Pods_Strelitzia_StrelitziaUITests.framework */; };
		8CFEBECCA4B4CD282BB06281 /* Pods_Strelitzia.framework in Frameworks */ = {isa = PBXBuildFile; fileRef = 3BEBDBDBDAFB85B6AE2F2312 /* Pods_Strelitzia.framework */; };
		B66D2D54265CD7A200862FA1 /* SurveyViewController.swift in Sources */ = {isa = PBXBuildFile; fileRef = B66D2D53265CD7A200862FA1 /* SurveyViewController.swift */; };
		B66D2D58265CEE2A00862FA1 /* UserTableViewCell.swift in Sources */ = {isa = PBXBuildFile; fileRef = B66D2D56265CEE2A00862FA1 /* UserTableViewCell.swift */; };
		B66D2D59265CEE2A00862FA1 /* UserTableViewCell.xib in Resources */ = {isa = PBXBuildFile; fileRef = B66D2D57265CEE2A00862FA1 /* UserTableViewCell.xib */; };
		B66D2D5B265CFFDC00862FA1 /* DateUtils.swift in Sources */ = {isa = PBXBuildFile; fileRef = B66D2D5A265CFFDC00862FA1 /* DateUtils.swift */; };
		B66D2D5D265D4AE400862FA1 /* LoginViewModel.swift in Sources */ = {isa = PBXBuildFile; fileRef = B66D2D5C265D4AE400862FA1 /* LoginViewModel.swift */; };
		B66D2D5F265D4AFA00862FA1 /* LoginModel.swift in Sources */ = {isa = PBXBuildFile; fileRef = B66D2D5E265D4AFA00862FA1 /* LoginModel.swift */; };
		B66D2D62265D53D300862FA1 /* Admin.storyboard in Resources */ = {isa = PBXBuildFile; fileRef = B66D2D61265D53D300862FA1 /* Admin.storyboard */; };
		B66D2D64265D540A00862FA1 /* AdminMainViewController.swift in Sources */ = {isa = PBXBuildFile; fileRef = B66D2D63265D540A00862FA1 /* AdminMainViewController.swift */; };
		B66D2D66265D65F700862FA1 /* AdminSurveyViewController.swift in Sources */ = {isa = PBXBuildFile; fileRef = B66D2D65265D65F700862FA1 /* AdminSurveyViewController.swift */; };
		B66D2D68265D669200862FA1 /* AdminViewModel.swift in Sources */ = {isa = PBXBuildFile; fileRef = B66D2D67265D669200862FA1 /* AdminViewModel.swift */; };
		B66D2D6A265D66A000862FA1 /* AdminModel.swift in Sources */ = {isa = PBXBuildFile; fileRef = B66D2D69265D66A000862FA1 /* AdminModel.swift */; };
		B69F0C67265A1092001B1831 /* User.storyboard in Resources */ = {isa = PBXBuildFile; fileRef = B69F0C66265A1092001B1831 /* User.storyboard */; };
		B69F0C6A265A10EA001B1831 /* UserMainViewController.swift in Sources */ = {isa = PBXBuildFile; fileRef = B69F0C69265A10EA001B1831 /* UserMainViewController.swift */; };
		B69F0C6E265A1AA1001B1831 /* UserModel.swift in Sources */ = {isa = PBXBuildFile; fileRef = B69F0C6D265A1AA1001B1831 /* UserModel.swift */; };
		B69F0C70265A1ABD001B1831 /* UserViewModel.swift in Sources */ = {isa = PBXBuildFile; fileRef = B69F0C6F265A1ABD001B1831 /* UserViewModel.swift */; };
		B69F0C72265A384E001B1831 /* Functions.swift in Sources */ = {isa = PBXBuildFile; fileRef = B69F0C71265A384E001B1831 /* Functions.swift */; };
		B69F0C75265A3D05001B1831 /* CreateAccountViewController.swift in Sources */ = {isa = PBXBuildFile; fileRef = B69F0C74265A3D05001B1831 /* CreateAccountViewController.swift */; };
		B69F0C77265A46A4001B1831 /* SetSchoolCodeViewController.swift in Sources */ = {isa = PBXBuildFile; fileRef = B69F0C76265A46A4001B1831 /* SetSchoolCodeViewController.swift */; };
		B6BB91F22657354900E67F97 /* AppDelegate.swift in Sources */ = {isa = PBXBuildFile; fileRef = B6BB91F12657354900E67F97 /* AppDelegate.swift */; };
		B6BB91F42657354900E67F97 /* SceneDelegate.swift in Sources */ = {isa = PBXBuildFile; fileRef = B6BB91F32657354900E67F97 /* SceneDelegate.swift */; };
		B6BB91F62657354900E67F97 /* ViewController.swift in Sources */ = {isa = PBXBuildFile; fileRef = B6BB91F52657354900E67F97 /* ViewController.swift */; };
		B6BB91F92657354900E67F97 /* Login.storyboard in Resources */ = {isa = PBXBuildFile; fileRef = B6BB91F72657354900E67F97 /* Login.storyboard */; };
		B6BB91FC2657354900E67F97 /* Strelitzia.xcdatamodeld in Sources */ = {isa = PBXBuildFile; fileRef = B6BB91FA2657354900E67F97 /* Strelitzia.xcdatamodeld */; };
		B6BB91FE2657354B00E67F97 /* Assets.xcassets in Resources */ = {isa = PBXBuildFile; fileRef = B6BB91FD2657354B00E67F97 /* Assets.xcassets */; };
		B6BB92012657354B00E67F97 /* LaunchScreen.storyboard in Resources */ = {isa = PBXBuildFile; fileRef = B6BB91FF2657354B00E67F97 /* LaunchScreen.storyboard */; };
		B6BB920C2657354B00E67F97 /* StrelitziaTests.swift in Sources */ = {isa = PBXBuildFile; fileRef = B6BB920B2657354B00E67F97 /* StrelitziaTests.swift */; };
		B6BB92172657354B00E67F97 /* StrelitziaUITests.swift in Sources */ = {isa = PBXBuildFile; fileRef = B6BB92162657354B00E67F97 /* StrelitziaUITests.swift */; };
		B6BB9225265810A000E67F97 /* LoginViewController.swift in Sources */ = {isa = PBXBuildFile; fileRef = B6BB9224265810A000E67F97 /* LoginViewController.swift */; };
		B6BB9227265811E800E67F97 /* GoogleService-Info.plist in Resources */ = {isa = PBXBuildFile; fileRef = B6BB9226265811E800E67F97 /* GoogleService-Info.plist */; };
/* End PBXBuildFile section */

/* Begin PBXContainerItemProxy section */
		B6BB92082657354B00E67F97 /* PBXContainerItemProxy */ = {
			isa = PBXContainerItemProxy;
			containerPortal = B6BB91E62657354900E67F97 /* Project object */;
			proxyType = 1;
			remoteGlobalIDString = B6BB91ED2657354900E67F97;
			remoteInfo = Strelitzia;
		};
		B6BB92132657354B00E67F97 /* PBXContainerItemProxy */ = {
			isa = PBXContainerItemProxy;
			containerPortal = B6BB91E62657354900E67F97 /* Project object */;
			proxyType = 1;
			remoteGlobalIDString = B6BB91ED2657354900E67F97;
			remoteInfo = Strelitzia;
		};
/* End PBXContainerItemProxy section */

/* Begin PBXFileReference section */
		3653FA22F85027C97ED74C6B /* Pods-Strelitzia.release.xcconfig */ = {isa = PBXFileReference; includeInIndex = 1; lastKnownFileType = text.xcconfig; name = "Pods-Strelitzia.release.xcconfig"; path = "Target Support Files/Pods-Strelitzia/Pods-Strelitzia.release.xcconfig"; sourceTree = "<group>"; };
		3BEBDBDBDAFB85B6AE2F2312 /* Pods_Strelitzia.framework */ = {isa = PBXFileReference; explicitFileType = wrapper.framework; includeInIndex = 0; path = Pods_Strelitzia.framework; sourceTree = BUILT_PRODUCTS_DIR; };
		6026D1C9FE2B4263668E87B1 /* Pods-Strelitzia-StrelitziaUITests.release.xcconfig */ = {isa = PBXFileReference; includeInIndex = 1; lastKnownFileType = text.xcconfig; name = "Pods-Strelitzia-StrelitziaUITests.release.xcconfig"; path = "Target Support Files/Pods-Strelitzia-StrelitziaUITests/Pods-Strelitzia-StrelitziaUITests.release.xcconfig"; sourceTree = "<group>"; };
		8052516F3F8564B999E25DDC /* Pods-StrelitziaTests.debug.xcconfig */ = {isa = PBXFileReference; includeInIndex = 1; lastKnownFileType = text.xcconfig; name = "Pods-StrelitziaTests.debug.xcconfig"; path = "Target Support Files/Pods-StrelitziaTests/Pods-StrelitziaTests.debug.xcconfig"; sourceTree = "<group>"; };
		96988137C46E960CFD6C583E /* Pods_StrelitziaTests.framework */ = {isa = PBXFileReference; explicitFileType = wrapper.framework; includeInIndex = 0; path = Pods_StrelitziaTests.framework; sourceTree = BUILT_PRODUCTS_DIR; };
		B66D2D53265CD7A200862FA1 /* SurveyViewController.swift */ = {isa = PBXFileReference; lastKnownFileType = sourcecode.swift; path = SurveyViewController.swift; sourceTree = "<group>"; };
		B66D2D56265CEE2A00862FA1 /* UserTableViewCell.swift */ = {isa = PBXFileReference; lastKnownFileType = sourcecode.swift; path = UserTableViewCell.swift; sourceTree = "<group>"; };
		B66D2D57265CEE2A00862FA1 /* UserTableViewCell.xib */ = {isa = PBXFileReference; lastKnownFileType = file.xib; path = UserTableViewCell.xib; sourceTree = "<group>"; };
		B66D2D5A265CFFDC00862FA1 /* DateUtils.swift */ = {isa = PBXFileReference; fileEncoding = 4; lastKnownFileType = sourcecode.swift; path = DateUtils.swift; sourceTree = "<group>"; };
		B66D2D5C265D4AE400862FA1 /* LoginViewModel.swift */ = {isa = PBXFileReference; lastKnownFileType = sourcecode.swift; path = LoginViewModel.swift; sourceTree = "<group>"; };
		B66D2D5E265D4AFA00862FA1 /* LoginModel.swift */ = {isa = PBXFileReference; lastKnownFileType = sourcecode.swift; path = LoginModel.swift; sourceTree = "<group>"; };
		B66D2D61265D53D300862FA1 /* Admin.storyboard */ = {isa = PBXFileReference; lastKnownFileType = file.storyboard; path = Admin.storyboard; sourceTree = "<group>"; };
		B66D2D63265D540A00862FA1 /* AdminMainViewController.swift */ = {isa = PBXFileReference; lastKnownFileType = sourcecode.swift; path = AdminMainViewController.swift; sourceTree = "<group>"; };
		B66D2D65265D65F700862FA1 /* AdminSurveyViewController.swift */ = {isa = PBXFileReference; lastKnownFileType = sourcecode.swift; path = AdminSurveyViewController.swift; sourceTree = "<group>"; };
		B66D2D67265D669200862FA1 /* AdminViewModel.swift */ = {isa = PBXFileReference; lastKnownFileType = sourcecode.swift; path = AdminViewModel.swift; sourceTree = "<group>"; };
		B66D2D69265D66A000862FA1 /* AdminModel.swift */ = {isa = PBXFileReference; lastKnownFileType = sourcecode.swift; path = AdminModel.swift; sourceTree = "<group>"; };
		B69F0C66265A1092001B1831 /* User.storyboard */ = {isa = PBXFileReference; lastKnownFileType = file.storyboard; path = User.storyboard; sourceTree = "<group>"; };
		B69F0C69265A10EA001B1831 /* UserMainViewController.swift */ = {isa = PBXFileReference; lastKnownFileType = sourcecode.swift; path = UserMainViewController.swift; sourceTree = "<group>"; };
		B69F0C6D265A1AA1001B1831 /* UserModel.swift */ = {isa = PBXFileReference; lastKnownFileType = sourcecode.swift; path = UserModel.swift; sourceTree = "<group>"; };
		B69F0C6F265A1ABD001B1831 /* UserViewModel.swift */ = {isa = PBXFileReference; lastKnownFileType = sourcecode.swift; path = UserViewModel.swift; sourceTree = "<group>"; };
		B69F0C71265A384E001B1831 /* Functions.swift */ = {isa = PBXFileReference; fileEncoding = 4; lastKnownFileType = sourcecode.swift; path = Functions.swift; sourceTree = "<group>"; };
		B69F0C74265A3D05001B1831 /* CreateAccountViewController.swift */ = {isa = PBXFileReference; lastKnownFileType = sourcecode.swift; path = CreateAccountViewController.swift; sourceTree = "<group>"; };
		B69F0C76265A46A4001B1831 /* SetSchoolCodeViewController.swift */ = {isa = PBXFileReference; lastKnownFileType = sourcecode.swift; path = SetSchoolCodeViewController.swift; sourceTree = "<group>"; };
		B6BB91EE2657354900E67F97 /* Strelitzia.app */ = {isa = PBXFileReference; explicitFileType = wrapper.application; includeInIndex = 0; path = Strelitzia.app; sourceTree = BUILT_PRODUCTS_DIR; };
		B6BB91F12657354900E67F97 /* AppDelegate.swift */ = {isa = PBXFileReference; lastKnownFileType = sourcecode.swift; path = AppDelegate.swift; sourceTree = "<group>"; };
		B6BB91F32657354900E67F97 /* SceneDelegate.swift */ = {isa = PBXFileReference; lastKnownFileType = sourcecode.swift; path = SceneDelegate.swift; sourceTree = "<group>"; };
		B6BB91F52657354900E67F97 /* ViewController.swift */ = {isa = PBXFileReference; lastKnownFileType = sourcecode.swift; path = ViewController.swift; sourceTree = "<group>"; };
		B6BB91F82657354900E67F97 /* Base */ = {isa = PBXFileReference; lastKnownFileType = file.storyboard; name = Base; path = Base.lproj/Login.storyboard; sourceTree = "<group>"; };
		B6BB91FB2657354900E67F97 /* Strelitzia.xcdatamodel */ = {isa = PBXFileReference; lastKnownFileType = wrapper.xcdatamodel; path = Strelitzia.xcdatamodel; sourceTree = "<group>"; };
		B6BB91FD2657354B00E67F97 /* Assets.xcassets */ = {isa = PBXFileReference; lastKnownFileType = folder.assetcatalog; path = Assets.xcassets; sourceTree = "<group>"; };
		B6BB92002657354B00E67F97 /* Base */ = {isa = PBXFileReference; lastKnownFileType = file.storyboard; name = Base; path = Base.lproj/LaunchScreen.storyboard; sourceTree = "<group>"; };
		B6BB92022657354B00E67F97 /* Info.plist */ = {isa = PBXFileReference; lastKnownFileType = text.plist.xml; path = Info.plist; sourceTree = "<group>"; };
		B6BB92072657354B00E67F97 /* StrelitziaTests.xctest */ = {isa = PBXFileReference; explicitFileType = wrapper.cfbundle; includeInIndex = 0; path = StrelitziaTests.xctest; sourceTree = BUILT_PRODUCTS_DIR; };
		B6BB920B2657354B00E67F97 /* StrelitziaTests.swift */ = {isa = PBXFileReference; lastKnownFileType = sourcecode.swift; path = StrelitziaTests.swift; sourceTree = "<group>"; };
		B6BB920D2657354B00E67F97 /* Info.plist */ = {isa = PBXFileReference; lastKnownFileType = text.plist.xml; path = Info.plist; sourceTree = "<group>"; };
		B6BB92122657354B00E67F97 /* StrelitziaUITests.xctest */ = {isa = PBXFileReference; explicitFileType = wrapper.cfbundle; includeInIndex = 0; path = StrelitziaUITests.xctest; sourceTree = BUILT_PRODUCTS_DIR; };
		B6BB92162657354B00E67F97 /* StrelitziaUITests.swift */ = {isa = PBXFileReference; lastKnownFileType = sourcecode.swift; path = StrelitziaUITests.swift; sourceTree = "<group>"; };
		B6BB92182657354B00E67F97 /* Info.plist */ = {isa = PBXFileReference; lastKnownFileType = text.plist.xml; path = Info.plist; sourceTree = "<group>"; };
		B6BB9224265810A000E67F97 /* LoginViewController.swift */ = {isa = PBXFileReference; lastKnownFileType = sourcecode.swift; path = LoginViewController.swift; sourceTree = "<group>"; };
		B6BB9226265811E800E67F97 /* GoogleService-Info.plist */ = {isa = PBXFileReference; fileEncoding = 4; lastKnownFileType = text.plist.xml; path = "GoogleService-Info.plist"; sourceTree = "<group>"; };
		BB9A2D1E394E42451FEDEADC /* Pods_Strelitzia_StrelitziaUITests.framework */ = {isa = PBXFileReference; explicitFileType = wrapper.framework; includeInIndex = 0; path = Pods_Strelitzia_StrelitziaUITests.framework; sourceTree = BUILT_PRODUCTS_DIR; };
		DAFE755DD6499598DD744874 /* Pods-StrelitziaTests.release.xcconfig */ = {isa = PBXFileReference; includeInIndex = 1; lastKnownFileType = text.xcconfig; name = "Pods-StrelitziaTests.release.xcconfig"; path = "Target Support Files/Pods-StrelitziaTests/Pods-StrelitziaTests.release.xcconfig"; sourceTree = "<group>"; };
		E868AAA6D7EDF56783AA168C /* Pods-Strelitzia-StrelitziaUITests.debug.xcconfig */ = {isa = PBXFileReference; includeInIndex = 1; lastKnownFileType = text.xcconfig; name = "Pods-Strelitzia-StrelitziaUITests.debug.xcconfig"; path = "Target Support Files/Pods-Strelitzia-StrelitziaUITests/Pods-Strelitzia-StrelitziaUITests.debug.xcconfig"; sourceTree = "<group>"; };
		F32EDD511FF1AA332EA21201 /* Pods-Strelitzia.debug.xcconfig */ = {isa = PBXFileReference; includeInIndex = 1; lastKnownFileType = text.xcconfig; name = "Pods-Strelitzia.debug.xcconfig"; path = "Target Support Files/Pods-Strelitzia/Pods-Strelitzia.debug.xcconfig"; sourceTree = "<group>"; };
/* End PBXFileReference section */

/* Begin PBXFrameworksBuildPhase section */
		B6BB91EB2657354900E67F97 /* Frameworks */ = {
			isa = PBXFrameworksBuildPhase;
			buildActionMask = 2147483647;
			files = (
				8CFEBECCA4B4CD282BB06281 /* Pods_Strelitzia.framework in Frameworks */,
			);
			runOnlyForDeploymentPostprocessing = 0;
		};
		B6BB92042657354B00E67F97 /* Frameworks */ = {
			isa = PBXFrameworksBuildPhase;
			buildActionMask = 2147483647;
			files = (
				1AECD4FB834D27BC6EA92EB7 /* Pods_StrelitziaTests.framework in Frameworks */,
			);
			runOnlyForDeploymentPostprocessing = 0;
		};
		B6BB920F2657354B00E67F97 /* Frameworks */ = {
			isa = PBXFrameworksBuildPhase;
			buildActionMask = 2147483647;
			files = (
				79943E94DF4F701D2729E0C3 /* Pods_Strelitzia_StrelitziaUITests.framework in Frameworks */,
			);
			runOnlyForDeploymentPostprocessing = 0;
		};
/* End PBXFrameworksBuildPhase section */

/* Begin PBXGroup section */
		B66D2D55265CEE1300862FA1 /* TableViewCell */ = {
			isa = PBXGroup;
			children = (
				B66D2D56265CEE2A00862FA1 /* UserTableViewCell.swift */,
				B66D2D57265CEE2A00862FA1 /* UserTableViewCell.xib */,
			);
			path = TableViewCell;
			sourceTree = "<group>";
		};
		B66D2D60265D53BE00862FA1 /* Admin */ = {
			isa = PBXGroup;
			children = (
				B66D2D61265D53D300862FA1 /* Admin.storyboard */,
				B66D2D63265D540A00862FA1 /* AdminMainViewController.swift */,
				B66D2D65265D65F700862FA1 /* AdminSurveyViewController.swift */,
				B66D2D67265D669200862FA1 /* AdminViewModel.swift */,
				B66D2D69265D66A000862FA1 /* AdminModel.swift */,
			);
			path = Admin;
			sourceTree = "<group>";
		};
		B69F0C68265A10AD001B1831 /* User */ = {
			isa = PBXGroup;
			children = (
				B69F0C66265A1092001B1831 /* User.storyboard */,
				B69F0C69265A10EA001B1831 /* UserMainViewController.swift */,
				B66D2D53265CD7A200862FA1 /* SurveyViewController.swift */,
				B69F0C6F265A1ABD001B1831 /* UserViewModel.swift */,
				B69F0C6D265A1AA1001B1831 /* UserModel.swift */,
			);
			path = User;
			sourceTree = "<group>";
		};
		B69F0C73265A3CD2001B1831 /* Login */ = {
			isa = PBXGroup;
			children = (
				B6BB9224265810A000E67F97 /* LoginViewController.swift */,
				B69F0C74265A3D05001B1831 /* CreateAccountViewController.swift */,
				B69F0C76265A46A4001B1831 /* SetSchoolCodeViewController.swift */,
				B6BB91F72657354900E67F97 /* Login.storyboard */,
				B66D2D5C265D4AE400862FA1 /* LoginViewModel.swift */,
				B66D2D5E265D4AFA00862FA1 /* LoginModel.swift */,
			);
			path = Login;
			sourceTree = "<group>";
		};
		B6BB91E52657354900E67F97 = {
			isa = PBXGroup;
			children = (
				B6BB91F02657354900E67F97 /* Strelitzia */,
				B6BB920A2657354B00E67F97 /* StrelitziaTests */,
				B6BB92152657354B00E67F97 /* StrelitziaUITests */,
				B6BB91EF2657354900E67F97 /* Products */,
				DB453A04E1ECAAAFCCE14A8D /* Pods */,
				DBDD9981D2AF4B793C984238 /* Frameworks */,
			);
			sourceTree = "<group>";
		};
		B6BB91EF2657354900E67F97 /* Products */ = {
			isa = PBXGroup;
			children = (
				B6BB91EE2657354900E67F97 /* Strelitzia.app */,
				B6BB92072657354B00E67F97 /* StrelitziaTests.xctest */,
				B6BB92122657354B00E67F97 /* StrelitziaUITests.xctest */,
			);
			name = Products;
			sourceTree = "<group>";
		};
		B6BB91F02657354900E67F97 /* Strelitzia */ = {
			isa = PBXGroup;
			children = (
				B66D2D55265CEE1300862FA1 /* TableViewCell */,
				B69F0C73265A3CD2001B1831 /* Login */,
				B66D2D60265D53BE00862FA1 /* Admin */,
				B69F0C68265A10AD001B1831 /* User */,
				B6BB91F12657354900E67F97 /* AppDelegate.swift */,
				B6BB91F32657354900E67F97 /* SceneDelegate.swift */,
				B6BB91F52657354900E67F97 /* ViewController.swift */,
				B6BB91FD2657354B00E67F97 /* Assets.xcassets */,
				B6BB91FF2657354B00E67F97 /* LaunchScreen.storyboard */,
				B69F0C71265A384E001B1831 /* Functions.swift */,
				B66D2D5A265CFFDC00862FA1 /* DateUtils.swift */,
				B6BB9226265811E800E67F97 /* GoogleService-Info.plist */,
				B6BB92022657354B00E67F97 /* Info.plist */,
				B6BB91FA2657354900E67F97 /* Strelitzia.xcdatamodeld */,
			);
			path = Strelitzia;
			sourceTree = "<group>";
		};
		B6BB920A2657354B00E67F97 /* StrelitziaTests */ = {
			isa = PBXGroup;
			children = (
				B6BB920B2657354B00E67F97 /* StrelitziaTests.swift */,
				B6BB920D2657354B00E67F97 /* Info.plist */,
			);
			path = StrelitziaTests;
			sourceTree = "<group>";
		};
		B6BB92152657354B00E67F97 /* StrelitziaUITests */ = {
			isa = PBXGroup;
			children = (
				B6BB92162657354B00E67F97 /* StrelitziaUITests.swift */,
				B6BB92182657354B00E67F97 /* Info.plist */,
			);
			path = StrelitziaUITests;
			sourceTree = "<group>";
		};
		DB453A04E1ECAAAFCCE14A8D /* Pods */ = {
			isa = PBXGroup;
			children = (
				F32EDD511FF1AA332EA21201 /* Pods-Strelitzia.debug.xcconfig */,
				3653FA22F85027C97ED74C6B /* Pods-Strelitzia.release.xcconfig */,
				E868AAA6D7EDF56783AA168C /* Pods-Strelitzia-StrelitziaUITests.debug.xcconfig */,
				6026D1C9FE2B4263668E87B1 /* Pods-Strelitzia-StrelitziaUITests.release.xcconfig */,
				8052516F3F8564B999E25DDC /* Pods-StrelitziaTests.debug.xcconfig */,
				DAFE755DD6499598DD744874 /* Pods-StrelitziaTests.release.xcconfig */,
			);
			path = Pods;
			sourceTree = "<group>";
		};
		DBDD9981D2AF4B793C984238 /* Frameworks */ = {
			isa = PBXGroup;
			children = (
				3BEBDBDBDAFB85B6AE2F2312 /* Pods_Strelitzia.framework */,
				BB9A2D1E394E42451FEDEADC /* Pods_Strelitzia_StrelitziaUITests.framework */,
				96988137C46E960CFD6C583E /* Pods_StrelitziaTests.framework */,
			);
			name = Frameworks;
			sourceTree = "<group>";
		};
/* End PBXGroup section */

/* Begin PBXNativeTarget section */
		B6BB91ED2657354900E67F97 /* Strelitzia */ = {
			isa = PBXNativeTarget;
			buildConfigurationList = B6BB921B2657354B00E67F97 /* Build configuration list for PBXNativeTarget "Strelitzia" */;
			buildPhases = (
				5C6D46F6A54C3605623B51E7 /* [CP] Check Pods Manifest.lock */,
				B6BB91EA2657354900E67F97 /* Sources */,
				B6BB91EB2657354900E67F97 /* Frameworks */,
				B6BB91EC2657354900E67F97 /* Resources */,
				91B9E5276C1854BD237E9FC5 /* [CP] Embed Pods Frameworks */,
				3BA975A23E4296ED14FA45AE /* [CP] Copy Pods Resources */,
			);
			buildRules = (
			);
			dependencies = (
			);
			name = Strelitzia;
			productName = Strelitzia;
			productReference = B6BB91EE2657354900E67F97 /* Strelitzia.app */;
			productType = "com.apple.product-type.application";
		};
		B6BB92062657354B00E67F97 /* StrelitziaTests */ = {
			isa = PBXNativeTarget;
			buildConfigurationList = B6BB921E2657354B00E67F97 /* Build configuration list for PBXNativeTarget "StrelitziaTests" */;
			buildPhases = (
				6E432ADD626DCC734275A228 /* [CP] Check Pods Manifest.lock */,
				B6BB92032657354B00E67F97 /* Sources */,
				B6BB92042657354B00E67F97 /* Frameworks */,
				B6BB92052657354B00E67F97 /* Resources */,
			);
			buildRules = (
			);
			dependencies = (
				B6BB92092657354B00E67F97 /* PBXTargetDependency */,
			);
			name = StrelitziaTests;
			productName = StrelitziaTests;
			productReference = B6BB92072657354B00E67F97 /* StrelitziaTests.xctest */;
			productType = "com.apple.product-type.bundle.unit-test";
		};
		B6BB92112657354B00E67F97 /* StrelitziaUITests */ = {
			isa = PBXNativeTarget;
			buildConfigurationList = B6BB92212657354B00E67F97 /* Build configuration list for PBXNativeTarget "StrelitziaUITests" */;
			buildPhases = (
				7DA726794DCF0645E5483234 /* [CP] Check Pods Manifest.lock */,
				B6BB920E2657354B00E67F97 /* Sources */,
				B6BB920F2657354B00E67F97 /* Frameworks */,
				B6BB92102657354B00E67F97 /* Resources */,
				7B140806F3BE5930744402A8 /* [CP] Embed Pods Frameworks */,
				39796AFEB9570C9F9A1AAE6B /* [CP] Copy Pods Resources */,
			);
			buildRules = (
			);
			dependencies = (
				B6BB92142657354B00E67F97 /* PBXTargetDependency */,
			);
			name = StrelitziaUITests;
			productName = StrelitziaUITests;
			productReference = B6BB92122657354B00E67F97 /* StrelitziaUITests.xctest */;
			productType = "com.apple.product-type.bundle.ui-testing";
		};
/* End PBXNativeTarget section */

/* Begin PBXProject section */
		B6BB91E62657354900E67F97 /* Project object */ = {
			isa = PBXProject;
			attributes = {
				LastSwiftUpdateCheck = 1250;
				LastUpgradeCheck = 1250;
				TargetAttributes = {
					B6BB91ED2657354900E67F97 = {
						CreatedOnToolsVersion = 12.5;
					};
					B6BB92062657354B00E67F97 = {
						CreatedOnToolsVersion = 12.5;
						TestTargetID = B6BB91ED2657354900E67F97;
					};
					B6BB92112657354B00E67F97 = {
						CreatedOnToolsVersion = 12.5;
						TestTargetID = B6BB91ED2657354900E67F97;
					};
				};
			};
			buildConfigurationList = B6BB91E92657354900E67F97 /* Build configuration list for PBXProject "Strelitzia" */;
			compatibilityVersion = "Xcode 9.3";
			developmentRegion = en;
			hasScannedForEncodings = 0;
			knownRegions = (
				en,
				Base,
			);
			mainGroup = B6BB91E52657354900E67F97;
			productRefGroup = B6BB91EF2657354900E67F97 /* Products */;
			projectDirPath = "";
			projectRoot = "";
			targets = (
				B6BB91ED2657354900E67F97 /* Strelitzia */,
				B6BB92062657354B00E67F97 /* StrelitziaTests */,
				B6BB92112657354B00E67F97 /* StrelitziaUITests */,
			);
		};
/* End PBXProject section */

/* Begin PBXResourcesBuildPhase section */
		B6BB91EC2657354900E67F97 /* Resources */ = {
			isa = PBXResourcesBuildPhase;
			buildActionMask = 2147483647;
			files = (
				B6BB92012657354B00E67F97 /* LaunchScreen.storyboard in Resources */,
				B66D2D62265D53D300862FA1 /* Admin.storyboard in Resources */,
				B69F0C67265A1092001B1831 /* User.storyboard in Resources */,
				B6BB9227265811E800E67F97 /* GoogleService-Info.plist in Resources */,
				B6BB91FE2657354B00E67F97 /* Assets.xcassets in Resources */,
				B66D2D59265CEE2A00862FA1 /* UserTableViewCell.xib in Resources */,
				B6BB91F92657354900E67F97 /* Login.storyboard in Resources */,
			);
			runOnlyForDeploymentPostprocessing = 0;
		};
		B6BB92052657354B00E67F97 /* Resources */ = {
			isa = PBXResourcesBuildPhase;
			buildActionMask = 2147483647;
			files = (
			);
			runOnlyForDeploymentPostprocessing = 0;
		};
		B6BB92102657354B00E67F97 /* Resources */ = {
			isa = PBXResourcesBuildPhase;
			buildActionMask = 2147483647;
			files = (
			);
			runOnlyForDeploymentPostprocessing = 0;
		};
/* End PBXResourcesBuildPhase section */

/* Begin PBXShellScriptBuildPhase section */
		39796AFEB9570C9F9A1AAE6B /* [CP] Copy Pods Resources */ = {
			isa = PBXShellScriptBuildPhase;
			buildActionMask = 2147483647;
			files = (
			);
			inputFileListPaths = (
				"${PODS_ROOT}/Target Support Files/Pods-Strelitzia-StrelitziaUITests/Pods-Strelitzia-StrelitziaUITests-resources-${CONFIGURATION}-input-files.xcfilelist",
			);
			name = "[CP] Copy Pods Resources";
			outputFileListPaths = (
				"${PODS_ROOT}/Target Support Files/Pods-Strelitzia-StrelitziaUITests/Pods-Strelitzia-StrelitziaUITests-resources-${CONFIGURATION}-output-files.xcfilelist",
			);
			runOnlyForDeploymentPostprocessing = 0;
			shellPath = /bin/sh;
			shellScript = "\"${PODS_ROOT}/Target Support Files/Pods-Strelitzia-StrelitziaUITests/Pods-Strelitzia-StrelitziaUITests-resources.sh\"\n";
			showEnvVarsInLog = 0;
		};
		3BA975A23E4296ED14FA45AE /* [CP] Copy Pods Resources */ = {
			isa = PBXShellScriptBuildPhase;
			buildActionMask = 2147483647;
			files = (
			);
			inputFileListPaths = (
				"${PODS_ROOT}/Target Support Files/Pods-Strelitzia/Pods-Strelitzia-resources-${CONFIGURATION}-input-files.xcfilelist",
			);
			name = "[CP] Copy Pods Resources";
			outputFileListPaths = (
				"${PODS_ROOT}/Target Support Files/Pods-Strelitzia/Pods-Strelitzia-resources-${CONFIGURATION}-output-files.xcfilelist",
			);
			runOnlyForDeploymentPostprocessing = 0;
			shellPath = /bin/sh;
			shellScript = "\"${PODS_ROOT}/Target Support Files/Pods-Strelitzia/Pods-Strelitzia-resources.sh\"\n";
			showEnvVarsInLog = 0;
		};
		5C6D46F6A54C3605623B51E7 /* [CP] Check Pods Manifest.lock */ = {
			isa = PBXShellScriptBuildPhase;
			buildActionMask = 2147483647;
			files = (
			);
			inputFileListPaths = (
			);
			inputPaths = (
				"${PODS_PODFILE_DIR_PATH}/Podfile.lock",
				"${PODS_ROOT}/Manifest.lock",
			);
			name = "[CP] Check Pods Manifest.lock";
			outputFileListPaths = (
			);
			outputPaths = (
				"$(DERIVED_FILE_DIR)/Pods-Strelitzia-checkManifestLockResult.txt",
			);
			runOnlyForDeploymentPostprocessing = 0;
			shellPath = /bin/sh;
			shellScript = "diff \"${PODS_PODFILE_DIR_PATH}/Podfile.lock\" \"${PODS_ROOT}/Manifest.lock\" > /dev/null\nif [ $? != 0 ] ; then\n    # print error to STDERR\n    echo \"error: The sandbox is not in sync with the Podfile.lock. Run 'pod install' or update your CocoaPods installation.\" >&2\n    exit 1\nfi\n# This output is used by Xcode 'outputs' to avoid re-running this script phase.\necho \"SUCCESS\" > \"${SCRIPT_OUTPUT_FILE_0}\"\n";
			showEnvVarsInLog = 0;
		};
		6E432ADD626DCC734275A228 /* [CP] Check Pods Manifest.lock */ = {
			isa = PBXShellScriptBuildPhase;
			buildActionMask = 2147483647;
			files = (
			);
			inputFileListPaths = (
			);
			inputPaths = (
				"${PODS_PODFILE_DIR_PATH}/Podfile.lock",
				"${PODS_ROOT}/Manifest.lock",
			);
			name = "[CP] Check Pods Manifest.lock";
			outputFileListPaths = (
			);
			outputPaths = (
				"$(DERIVED_FILE_DIR)/Pods-StrelitziaTests-checkManifestLockResult.txt",
			);
			runOnlyForDeploymentPostprocessing = 0;
			shellPath = /bin/sh;
			shellScript = "diff \"${PODS_PODFILE_DIR_PATH}/Podfile.lock\" \"${PODS_ROOT}/Manifest.lock\" > /dev/null\nif [ $? != 0 ] ; then\n    # print error to STDERR\n    echo \"error: The sandbox is not in sync with the Podfile.lock. Run 'pod install' or update your CocoaPods installation.\" >&2\n    exit 1\nfi\n# This output is used by Xcode 'outputs' to avoid re-running this script phase.\necho \"SUCCESS\" > \"${SCRIPT_OUTPUT_FILE_0}\"\n";
			showEnvVarsInLog = 0;
		};
		7B140806F3BE5930744402A8 /* [CP] Embed Pods Frameworks */ = {
			isa = PBXShellScriptBuildPhase;
			buildActionMask = 2147483647;
			files = (
			);
			inputFileListPaths = (
				"${PODS_ROOT}/Target Support Files/Pods-Strelitzia-StrelitziaUITests/Pods-Strelitzia-StrelitziaUITests-frameworks-${CONFIGURATION}-input-files.xcfilelist",
			);
			name = "[CP] Embed Pods Frameworks";
			outputFileListPaths = (
				"${PODS_ROOT}/Target Support Files/Pods-Strelitzia-StrelitziaUITests/Pods-Strelitzia-StrelitziaUITests-frameworks-${CONFIGURATION}-output-files.xcfilelist",
			);
			runOnlyForDeploymentPostprocessing = 0;
			shellPath = /bin/sh;
			shellScript = "\"${PODS_ROOT}/Target Support Files/Pods-Strelitzia-StrelitziaUITests/Pods-Strelitzia-StrelitziaUITests-frameworks.sh\"\n";
			showEnvVarsInLog = 0;
		};
		7DA726794DCF0645E5483234 /* [CP] Check Pods Manifest.lock */ = {
			isa = PBXShellScriptBuildPhase;
			buildActionMask = 2147483647;
			files = (
			);
			inputFileListPaths = (
			);
			inputPaths = (
				"${PODS_PODFILE_DIR_PATH}/Podfile.lock",
				"${PODS_ROOT}/Manifest.lock",
			);
			name = "[CP] Check Pods Manifest.lock";
			outputFileListPaths = (
			);
			outputPaths = (
				"$(DERIVED_FILE_DIR)/Pods-Strelitzia-StrelitziaUITests-checkManifestLockResult.txt",
			);
			runOnlyForDeploymentPostprocessing = 0;
			shellPath = /bin/sh;
			shellScript = "diff \"${PODS_PODFILE_DIR_PATH}/Podfile.lock\" \"${PODS_ROOT}/Manifest.lock\" > /dev/null\nif [ $? != 0 ] ; then\n    # print error to STDERR\n    echo \"error: The sandbox is not in sync with the Podfile.lock. Run 'pod install' or update your CocoaPods installation.\" >&2\n    exit 1\nfi\n# This output is used by Xcode 'outputs' to avoid re-running this script phase.\necho \"SUCCESS\" > \"${SCRIPT_OUTPUT_FILE_0}\"\n";
			showEnvVarsInLog = 0;
		};
		91B9E5276C1854BD237E9FC5 /* [CP] Embed Pods Frameworks */ = {
			isa = PBXShellScriptBuildPhase;
			buildActionMask = 2147483647;
			files = (
			);
			inputFileListPaths = (
				"${PODS_ROOT}/Target Support Files/Pods-Strelitzia/Pods-Strelitzia-frameworks-${CONFIGURATION}-input-files.xcfilelist",
			);
			name = "[CP] Embed Pods Frameworks";
			outputFileListPaths = (
				"${PODS_ROOT}/Target Support Files/Pods-Strelitzia/Pods-Strelitzia-frameworks-${CONFIGURATION}-output-files.xcfilelist",
			);
			runOnlyForDeploymentPostprocessing = 0;
			shellPath = /bin/sh;
			shellScript = "\"${PODS_ROOT}/Target Support Files/Pods-Strelitzia/Pods-Strelitzia-frameworks.sh\"\n";
			showEnvVarsInLog = 0;
		};
/* End PBXShellScriptBuildPhase section */

/* Begin PBXSourcesBuildPhase section */
		B6BB91EA2657354900E67F97 /* Sources */ = {
			isa = PBXSourcesBuildPhase;
			buildActionMask = 2147483647;
			files = (
				B6BB91F62657354900E67F97 /* ViewController.swift in Sources */,
				B6BB91F22657354900E67F97 /* AppDelegate.swift in Sources */,
				B69F0C6E265A1AA1001B1831 /* UserModel.swift in Sources */,
				B69F0C75265A3D05001B1831 /* CreateAccountViewController.swift in Sources */,
				B66D2D66265D65F700862FA1 /* AdminSurveyViewController.swift in Sources */,
				B66D2D58265CEE2A00862FA1 /* UserTableViewCell.swift in Sources */,
				B66D2D5F265D4AFA00862FA1 /* LoginModel.swift in Sources */,
				B69F0C72265A384E001B1831 /* Functions.swift in Sources */,
				B69F0C6A265A10EA001B1831 /* UserMainViewController.swift in Sources */,
				B69F0C77265A46A4001B1831 /* SetSchoolCodeViewController.swift in Sources */,
				B66D2D5D265D4AE400862FA1 /* LoginViewModel.swift in Sources */,
				B6BB91FC2657354900E67F97 /* Strelitzia.xcdatamodeld in Sources */,
				B6BB9225265810A000E67F97 /* LoginViewController.swift in Sources */,
				B66D2D6A265D66A000862FA1 /* AdminModel.swift in Sources */,
				B69F0C70265A1ABD001B1831 /* UserViewModel.swift in Sources */,
				B66D2D5B265CFFDC00862FA1 /* DateUtils.swift in Sources */,
				B66D2D64265D540A00862FA1 /* AdminMainViewController.swift in Sources */,
				B66D2D54265CD7A200862FA1 /* SurveyViewController.swift in Sources */,
				B6BB91F42657354900E67F97 /* SceneDelegate.swift in Sources */,
				B66D2D68265D669200862FA1 /* AdminViewModel.swift in Sources */,
			);
			runOnlyForDeploymentPostprocessing = 0;
		};
		B6BB92032657354B00E67F97 /* Sources */ = {
			isa = PBXSourcesBuildPhase;
			buildActionMask = 2147483647;
			files = (
				B6BB920C2657354B00E67F97 /* StrelitziaTests.swift in Sources */,
			);
			runOnlyForDeploymentPostprocessing = 0;
		};
		B6BB920E2657354B00E67F97 /* Sources */ = {
			isa = PBXSourcesBuildPhase;
			buildActionMask = 2147483647;
			files = (
				B6BB92172657354B00E67F97 /* StrelitziaUITests.swift in Sources */,
			);
			runOnlyForDeploymentPostprocessing = 0;
		};
/* End PBXSourcesBuildPhase section */

/* Begin PBXTargetDependency section */
		B6BB92092657354B00E67F97 /* PBXTargetDependency */ = {
			isa = PBXTargetDependency;
			target = B6BB91ED2657354900E67F97 /* Strelitzia */;
			targetProxy = B6BB92082657354B00E67F97 /* PBXContainerItemProxy */;
		};
		B6BB92142657354B00E67F97 /* PBXTargetDependency */ = {
			isa = PBXTargetDependency;
			target = B6BB91ED2657354900E67F97 /* Strelitzia */;
			targetProxy = B6BB92132657354B00E67F97 /* PBXContainerItemProxy */;
		};
/* End PBXTargetDependency section */

/* Begin PBXVariantGroup section */
		B6BB91F72657354900E67F97 /* Login.storyboard */ = {
			isa = PBXVariantGroup;
			children = (
				B6BB91F82657354900E67F97 /* Base */,
			);
			name = Login.storyboard;
			sourceTree = "<group>";
		};
		B6BB91FF2657354B00E67F97 /* LaunchScreen.storyboard */ = {
			isa = PBXVariantGroup;
			children = (
				B6BB92002657354B00E67F97 /* Base */,
			);
			name = LaunchScreen.storyboard;
			sourceTree = "<group>";
		};
/* End PBXVariantGroup section */

/* Begin XCBuildConfiguration section */
		B6BB92192657354B00E67F97 /* Debug */ = {
			isa = XCBuildConfiguration;
			buildSettings = {
				ALWAYS_SEARCH_USER_PATHS = NO;
				CLANG_ANALYZER_NONNULL = YES;
				CLANG_ANALYZER_NUMBER_OBJECT_CONVERSION = YES_AGGRESSIVE;
				CLANG_CXX_LANGUAGE_STANDARD = "gnu++14";
				CLANG_CXX_LIBRARY = "libc++";
				CLANG_ENABLE_MODULES = YES;
				CLANG_ENABLE_OBJC_ARC = YES;
				CLANG_ENABLE_OBJC_WEAK = YES;
				CLANG_WARN_BLOCK_CAPTURE_AUTORELEASING = YES;
				CLANG_WARN_BOOL_CONVERSION = YES;
				CLANG_WARN_COMMA = YES;
				CLANG_WARN_CONSTANT_CONVERSION = YES;
				CLANG_WARN_DEPRECATED_OBJC_IMPLEMENTATIONS = YES;
				CLANG_WARN_DIRECT_OBJC_ISA_USAGE = YES_ERROR;
				CLANG_WARN_DOCUMENTATION_COMMENTS = YES;
				CLANG_WARN_EMPTY_BODY = YES;
				CLANG_WARN_ENUM_CONVERSION = YES;
				CLANG_WARN_INFINITE_RECURSION = YES;
				CLANG_WARN_INT_CONVERSION = YES;
				CLANG_WARN_NON_LITERAL_NULL_CONVERSION = YES;
				CLANG_WARN_OBJC_IMPLICIT_RETAIN_SELF = YES;
				CLANG_WARN_OBJC_LITERAL_CONVERSION = YES;
				CLANG_WARN_OBJC_ROOT_CLASS = YES_ERROR;
				CLANG_WARN_QUOTED_INCLUDE_IN_FRAMEWORK_HEADER = YES;
				CLANG_WARN_RANGE_LOOP_ANALYSIS = YES;
				CLANG_WARN_STRICT_PROTOTYPES = YES;
				CLANG_WARN_SUSPICIOUS_MOVE = YES;
				CLANG_WARN_UNGUARDED_AVAILABILITY = YES_AGGRESSIVE;
				CLANG_WARN_UNREACHABLE_CODE = YES;
				CLANG_WARN__DUPLICATE_METHOD_MATCH = YES;
				COPY_PHASE_STRIP = NO;
				DEBUG_INFORMATION_FORMAT = dwarf;
				ENABLE_STRICT_OBJC_MSGSEND = YES;
				ENABLE_TESTABILITY = YES;
				GCC_C_LANGUAGE_STANDARD = gnu11;
				GCC_DYNAMIC_NO_PIC = NO;
				GCC_NO_COMMON_BLOCKS = YES;
				GCC_OPTIMIZATION_LEVEL = 0;
				GCC_PREPROCESSOR_DEFINITIONS = (
					"DEBUG=1",
					"$(inherited)",
				);
				GCC_WARN_64_TO_32_BIT_CONVERSION = YES;
				GCC_WARN_ABOUT_RETURN_TYPE = YES_ERROR;
				GCC_WARN_UNDECLARED_SELECTOR = YES;
				GCC_WARN_UNINITIALIZED_AUTOS = YES_AGGRESSIVE;
				GCC_WARN_UNUSED_FUNCTION = YES;
				GCC_WARN_UNUSED_VARIABLE = YES;
				IPHONEOS_DEPLOYMENT_TARGET = 14.5;
				MTL_ENABLE_DEBUG_INFO = INCLUDE_SOURCE;
				MTL_FAST_MATH = YES;
				ONLY_ACTIVE_ARCH = YES;
				SDKROOT = iphoneos;
				SWIFT_ACTIVE_COMPILATION_CONDITIONS = DEBUG;
				SWIFT_OPTIMIZATION_LEVEL = "-Onone";
			};
			name = Debug;
		};
		B6BB921A2657354B00E67F97 /* Release */ = {
			isa = XCBuildConfiguration;
			buildSettings = {
				ALWAYS_SEARCH_USER_PATHS = NO;
				CLANG_ANALYZER_NONNULL = YES;
				CLANG_ANALYZER_NUMBER_OBJECT_CONVERSION = YES_AGGRESSIVE;
				CLANG_CXX_LANGUAGE_STANDARD = "gnu++14";
				CLANG_CXX_LIBRARY = "libc++";
				CLANG_ENABLE_MODULES = YES;
				CLANG_ENABLE_OBJC_ARC = YES;
				CLANG_ENABLE_OBJC_WEAK = YES;
				CLANG_WARN_BLOCK_CAPTURE_AUTORELEASING = YES;
				CLANG_WARN_BOOL_CONVERSION = YES;
				CLANG_WARN_COMMA = YES;
				CLANG_WARN_CONSTANT_CONVERSION = YES;
				CLANG_WARN_DEPRECATED_OBJC_IMPLEMENTATIONS = YES;
				CLANG_WARN_DIRECT_OBJC_ISA_USAGE = YES_ERROR;
				CLANG_WARN_DOCUMENTATION_COMMENTS = YES;
				CLANG_WARN_EMPTY_BODY = YES;
				CLANG_WARN_ENUM_CONVERSION = YES;
				CLANG_WARN_INFINITE_RECURSION = YES;
				CLANG_WARN_INT_CONVERSION = YES;
				CLANG_WARN_NON_LITERAL_NULL_CONVERSION = YES;
				CLANG_WARN_OBJC_IMPLICIT_RETAIN_SELF = YES;
				CLANG_WARN_OBJC_LITERAL_CONVERSION = YES;
				CLANG_WARN_OBJC_ROOT_CLASS = YES_ERROR;
				CLANG_WARN_QUOTED_INCLUDE_IN_FRAMEWORK_HEADER = YES;
				CLANG_WARN_RANGE_LOOP_ANALYSIS = YES;
				CLANG_WARN_STRICT_PROTOTYPES = YES;
				CLANG_WARN_SUSPICIOUS_MOVE = YES;
				CLANG_WARN_UNGUARDED_AVAILABILITY = YES_AGGRESSIVE;
				CLANG_WARN_UNREACHABLE_CODE = YES;
				CLANG_WARN__DUPLICATE_METHOD_MATCH = YES;
				COPY_PHASE_STRIP = NO;
				DEBUG_INFORMATION_FORMAT = "dwarf-with-dsym";
				ENABLE_NS_ASSERTIONS = NO;
				ENABLE_STRICT_OBJC_MSGSEND = YES;
				GCC_C_LANGUAGE_STANDARD = gnu11;
				GCC_NO_COMMON_BLOCKS = YES;
				GCC_WARN_64_TO_32_BIT_CONVERSION = YES;
				GCC_WARN_ABOUT_RETURN_TYPE = YES_ERROR;
				GCC_WARN_UNDECLARED_SELECTOR = YES;
				GCC_WARN_UNINITIALIZED_AUTOS = YES_AGGRESSIVE;
				GCC_WARN_UNUSED_FUNCTION = YES;
				GCC_WARN_UNUSED_VARIABLE = YES;
				IPHONEOS_DEPLOYMENT_TARGET = 14.5;
				MTL_ENABLE_DEBUG_INFO = NO;
				MTL_FAST_MATH = YES;
				SDKROOT = iphoneos;
				SWIFT_COMPILATION_MODE = wholemodule;
				SWIFT_OPTIMIZATION_LEVEL = "-O";
				VALIDATE_PRODUCT = YES;
			};
			name = Release;
		};
		B6BB921C2657354B00E67F97 /* Debug */ = {
			isa = XCBuildConfiguration;
			baseConfigurationReference = F32EDD511FF1AA332EA21201 /* Pods-Strelitzia.debug.xcconfig */;
			buildSettings = {
				ASSETCATALOG_COMPILER_APPICON_NAME = AppIcon;
				ASSETCATALOG_COMPILER_GLOBAL_ACCENT_COLOR_NAME = AccentColor;
				CODE_SIGN_STYLE = Automatic;
				DEVELOPMENT_TEAM = XD5X9TDNNJ;
				INFOPLIST_FILE = Strelitzia/Info.plist;
				LD_RUNPATH_SEARCH_PATHS = (
					"$(inherited)",
					"@executable_path/Frameworks",
				);
				PRODUCT_BUNDLE_IDENTIFIER = shohei.nishida.Strelitzia;
				PRODUCT_NAME = "$(TARGET_NAME)";
				SWIFT_VERSION = 5.0;
				TARGETED_DEVICE_FAMILY = "1,2";
			};
			name = Debug;
		};
		B6BB921D2657354B00E67F97 /* Release */ = {
			isa = XCBuildConfiguration;
			baseConfigurationReference = 3653FA22F85027C97ED74C6B /* Pods-Strelitzia.release.xcconfig */;
			buildSettings = {
				ASSETCATALOG_COMPILER_APPICON_NAME = AppIcon;
				ASSETCATALOG_COMPILER_GLOBAL_ACCENT_COLOR_NAME = AccentColor;
				CODE_SIGN_STYLE = Automatic;
				DEVELOPMENT_TEAM = XD5X9TDNNJ;
				INFOPLIST_FILE = Strelitzia/Info.plist;
				LD_RUNPATH_SEARCH_PATHS = (
					"$(inherited)",
					"@executable_path/Frameworks",
				);
				PRODUCT_BUNDLE_IDENTIFIER = shohei.nishida.Strelitzia;
				PRODUCT_NAME = "$(TARGET_NAME)";
				SWIFT_VERSION = 5.0;
				TARGETED_DEVICE_FAMILY = "1,2";
			};
			name = Release;
		};
		B6BB921F2657354B00E67F97 /* Debug */ = {
			isa = XCBuildConfiguration;
			baseConfigurationReference = 8052516F3F8564B999E25DDC /* Pods-StrelitziaTests.debug.xcconfig */;
			buildSettings = {
				ALWAYS_EMBED_SWIFT_STANDARD_LIBRARIES = YES;
				BUNDLE_LOADER = "$(TEST_HOST)";
				CODE_SIGN_STYLE = Automatic;
				DEVELOPMENT_TEAM = XD5X9TDNNJ;
				INFOPLIST_FILE = StrelitziaTests/Info.plist;
				IPHONEOS_DEPLOYMENT_TARGET = 14.5;
				LD_RUNPATH_SEARCH_PATHS = (
					"$(inherited)",
					"@executable_path/Frameworks",
					"@loader_path/Frameworks",
				);
				PRODUCT_BUNDLE_IDENTIFIER = shohei.nishida.StrelitziaTests;
				PRODUCT_NAME = "$(TARGET_NAME)";
				SWIFT_VERSION = 5.0;
				TARGETED_DEVICE_FAMILY = "1,2";
				TEST_HOST = "$(BUILT_PRODUCTS_DIR)/Strelitzia.app/Strelitzia";
			};
			name = Debug;
		};
		B6BB92202657354B00E67F97 /* Release */ = {
			isa = XCBuildConfiguration;
			baseConfigurationReference = DAFE755DD6499598DD744874 /* Pods-StrelitziaTests.release.xcconfig */;
			buildSettings = {
				ALWAYS_EMBED_SWIFT_STANDARD_LIBRARIES = YES;
				BUNDLE_LOADER = "$(TEST_HOST)";
				CODE_SIGN_STYLE = Automatic;
				DEVELOPMENT_TEAM = XD5X9TDNNJ;
				INFOPLIST_FILE = StrelitziaTests/Info.plist;
				IPHONEOS_DEPLOYMENT_TARGET = 14.5;
				LD_RUNPATH_SEARCH_PATHS = (
					"$(inherited)",
					"@executable_path/Frameworks",
					"@loader_path/Frameworks",
				);
				PRODUCT_BUNDLE_IDENTIFIER = shohei.nishida.StrelitziaTests;
				PRODUCT_NAME = "$(TARGET_NAME)";
				SWIFT_VERSION = 5.0;
				TARGETED_DEVICE_FAMILY = "1,2";
				TEST_HOST = "$(BUILT_PRODUCTS_DIR)/Strelitzia.app/Strelitzia";
			};
			name = Release;
		};
		B6BB92222657354B00E67F97 /* Debug */ = {
			isa = XCBuildConfiguration;
			baseConfigurationReference = E868AAA6D7EDF56783AA168C /* Pods-Strelitzia-StrelitziaUITests.debug.xcconfig */;
			buildSettings = {
				ALWAYS_EMBED_SWIFT_STANDARD_LIBRARIES = YES;
				CODE_SIGN_STYLE = Automatic;
				DEVELOPMENT_TEAM = XD5X9TDNNJ;
				INFOPLIST_FILE = StrelitziaUITests/Info.plist;
				LD_RUNPATH_SEARCH_PATHS = (
					"$(inherited)",
					"@executable_path/Frameworks",
					"@loader_path/Frameworks",
				);
				PRODUCT_BUNDLE_IDENTIFIER = shohei.nishida.StrelitziaUITests;
				PRODUCT_NAME = "$(TARGET_NAME)";
				SWIFT_VERSION = 5.0;
				TARGETED_DEVICE_FAMILY = "1,2";
				TEST_TARGET_NAME = Strelitzia;
			};
			name = Debug;
		};
		B6BB92232657354B00E67F97 /* Release */ = {
			isa = XCBuildConfiguration;
			baseConfigurationReference = 6026D1C9FE2B4263668E87B1 /* Pods-Strelitzia-StrelitziaUITests.release.xcconfig */;
			buildSettings = {
				ALWAYS_EMBED_SWIFT_STANDARD_LIBRARIES = YES;
				CODE_SIGN_STYLE = Automatic;
				DEVELOPMENT_TEAM = XD5X9TDNNJ;
				INFOPLIST_FILE = StrelitziaUITests/Info.plist;
				LD_RUNPATH_SEARCH_PATHS = (
					"$(inherited)",
					"@executable_path/Frameworks",
					"@loader_path/Frameworks",
				);
				PRODUCT_BUNDLE_IDENTIFIER = shohei.nishida.StrelitziaUITests;
				PRODUCT_NAME = "$(TARGET_NAME)";
				SWIFT_VERSION = 5.0;
				TARGETED_DEVICE_FAMILY = "1,2";
				TEST_TARGET_NAME = Strelitzia;
			};
			name = Release;
		};
/* End XCBuildConfiguration section */

/* Begin XCConfigurationList section */
		B6BB91E92657354900E67F97 /* Build configuration list for PBXProject "Strelitzia" */ = {
			isa = XCConfigurationList;
			buildConfigurations = (
				B6BB92192657354B00E67F97 /* Debug */,
				B6BB921A2657354B00E67F97 /* Release */,
			);
			defaultConfigurationIsVisible = 0;
			defaultConfigurationName = Release;
		};
		B6BB921B2657354B00E67F97 /* Build configuration list for PBXNativeTarget "Strelitzia" */ = {
			isa = XCConfigurationList;
			buildConfigurations = (
				B6BB921C2657354B00E67F97 /* Debug */,
				B6BB921D2657354B00E67F97 /* Release */,
			);
			defaultConfigurationIsVisible = 0;
			defaultConfigurationName = Release;
		};
		B6BB921E2657354B00E67F97 /* Build configuration list for PBXNativeTarget "StrelitziaTests" */ = {
			isa = XCConfigurationList;
			buildConfigurations = (
				B6BB921F2657354B00E67F97 /* Debug */,
				B6BB92202657354B00E67F97 /* Release */,
			);
			defaultConfigurationIsVisible = 0;
			defaultConfigurationName = Release;
		};
		B6BB92212657354B00E67F97 /* Build configuration list for PBXNativeTarget "StrelitziaUITests" */ = {
			isa = XCConfigurationList;
			buildConfigurations = (
				B6BB92222657354B00E67F97 /* Debug */,
				B6BB92232657354B00E67F97 /* Release */,
			);
			defaultConfigurationIsVisible = 0;
			defaultConfigurationName = Release;
		};
/* End XCConfigurationList section */

/* Begin XCVersionGroup section */
		B6BB91FA2657354900E67F97 /* Strelitzia.xcdatamodeld */ = {
			isa = XCVersionGroup;
			children = (
				B6BB91FB2657354900E67F97 /* Strelitzia.xcdatamodel */,
			);
			currentVersion = B6BB91FB2657354900E67F97 /* Strelitzia.xcdatamodel */;
			path = Strelitzia.xcdatamodeld;
			sourceTree = "<group>";
			versionGroupType = wrapper.xcdatamodel;
		};
/* End XCVersionGroup section */
	};
	rootObject = B6BB91E62657354900E67F97 /* Project object */;
}
